
Microsoft Visual Studio Solution File, Format Version 12.00
# Visual Studio Version 17
VisualStudioVersion = 17.3.32922.545
MinimumVisualStudioVersion = 10.0.40219.1
Project("{778DAE3C-4631-46EA-AA77-85C1314464D9}") = "Dystopia", "Dystopia\Dystopia.vbproj", "{701CEEF9-C8F1-43B7-87D9-D0E1D1DD88CC}"
EndProject
Project("{2150E333-8FDC-42A3-9474-1A3956D46DE8}") = "Stuff", "Stuff", "{F831C917-2D1C-439D-AFBF-021AD4586B9F}"
	ProjectSection(SolutionItems) = preProject
		..\README.md = ..\README.md
		..\shippit.sh = ..\shippit.sh
	EndProjectSection
EndProject
Project("{F184B08F-C81C-45F6-A57F-5ABD9991F28F}") = "Dystopia.Game", "Dystopia.Game\Dystopia.Game.vbproj", "{B19AF523-4B1D-4E6D-A55E-F10C3AB7DAE4}"
EndProject
Project("{F184B08F-C81C-45F6-A57F-5ABD9991F28F}") = "Dystopia.Game.Tests", "Dystopia.Game.Tests\Dystopia.Game.Tests.vbproj", "{2B25A7BC-E4D2-49C3-A2D9-0A37A32E9453}"
EndProject
Project("{F184B08F-C81C-45F6-A57F-5ABD9991F28F}") = "Dystopia.Data", "Dystopia.Data\Dystopia.Data.vbproj", "{84C1CDCE-5961-4ED7-8298-657E9D265D0B}"
EndProject
Project("{F184B08F-C81C-45F6-A57F-5ABD9991F28F}") = "Dystopia.Data.Tests", "Dystopia.Data.Tests\Dystopia.Data.Tests.vbproj", "{A8BC224C-1A55-4F3F-B94F-3E90D07DFC69}"
EndProject
Global
	GlobalSection(SolutionConfigurationPlatforms) = preSolution
		Debug|Any CPU = Debug|Any CPU
		Release|Any CPU = Release|Any CPU
	EndGlobalSection
	GlobalSection(ProjectConfigurationPlatforms) = postSolution
		{701CEEF9-C8F1-43B7-87D9-D0E1D1DD88CC}.Debug|Any CPU.ActiveCfg = Debug|Any CPU
		{701CEEF9-C8F1-43B7-87D9-D0E1D1DD88CC}.Debug|Any CPU.Build.0 = Debug|Any CPU
		{701CEEF9-C8F1-43B7-87D9-D0E1D1DD88CC}.Release|Any CPU.ActiveCfg = Release|Any CPU
		{701CEEF9-C8F1-43B7-87D9-D0E1D1DD88CC}.Release|Any CPU.Build.0 = Release|Any CPU
		{B19AF523-4B1D-4E6D-A55E-F10C3AB7DAE4}.Debug|Any CPU.ActiveCfg = Debug|Any CPU
		{B19AF523-4B1D-4E6D-A55E-F10C3AB7DAE4}.Debug|Any CPU.Build.0 = Debug|Any CPU
		{B19AF523-4B1D-4E6D-A55E-F10C3AB7DAE4}.Release|Any CPU.ActiveCfg = Release|Any CPU
		{B19AF523-4B1D-4E6D-A55E-F10C3AB7DAE4}.Release|Any CPU.Build.0 = Release|Any CPU
		{2B25A7BC-E4D2-49C3-A2D9-0A37A32E9453}.Debug|Any CPU.ActiveCfg = Debug|Any CPU
		{2B25A7BC-E4D2-49C3-A2D9-0A37A32E9453}.Debug|Any CPU.Build.0 = Debug|Any CPU
		{2B25A7BC-E4D2-49C3-A2D9-0A37A32E9453}.Release|Any CPU.ActiveCfg = Release|Any CPU
		{2B25A7BC-E4D2-49C3-A2D9-0A37A32E9453}.Release|Any CPU.Build.0 = Release|Any CPU
		{84C1CDCE-5961-4ED7-8298-657E9D265D0B}.Debug|Any CPU.ActiveCfg = Debug|Any CPU
		{84C1CDCE-5961-4ED7-8298-657E9D265D0B}.Debug|Any CPU.Build.0 = Debug|Any CPU
		{84C1CDCE-5961-4ED7-8298-657E9D265D0B}.Release|Any CPU.ActiveCfg = Release|Any CPU
		{84C1CDCE-5961-4ED7-8298-657E9D265D0B}.Release|Any CPU.Build.0 = Release|Any CPU
		{A8BC224C-1A55-4F3F-B94F-3E90D07DFC69}.Debug|Any CPU.ActiveCfg = Debug|Any CPU
		{A8BC224C-1A55-4F3F-B94F-3E90D07DFC69}.Debug|Any CPU.Build.0 = Debug|Any CPU
		{A8BC224C-1A55-4F3F-B94F-3E90D07DFC69}.Release|Any CPU.ActiveCfg = Release|Any CPU
		{A8BC224C-1A55-4F3F-B94F-3E90D07DFC69}.Release|Any CPU.Build.0 = Release|Any CPU
	EndGlobalSection
	GlobalSection(SolutionProperties) = preSolution
		HideSolutionNode = FALSE
	EndGlobalSection
	GlobalSection(ExtensibilityGlobals) = postSolution
		SolutionGuid = {181B9E1A-EE15-4771-A326-F0A3AE9B43D6}
	EndGlobalSection
EndGlobal
